
Microsoft Visual Studio Solution File, Format Version 12.00
# Visual Studio 15
VisualStudioVersion = 15.0.28307.1433
MinimumVisualStudioVersion = 10.0.40219.1
Project("{FAE04EC0-301F-11D3-BF4B-00C04F79EFBC}") = "MensajeroApp", "MensajeroApp\MensajeroApp.csproj", "{D3BEFF98-295A-4F18-8EC5-36BBFE5A71DC}"
EndProject
Project("{FAE04EC0-301F-11D3-BF4B-00C04F79EFBC}") = "MensajeroModel", "MensajeroModel\MensajeroModel.csproj", "{45D5B721-DE11-411F-9C0A-1244757242E4}"
EndProject
Global
	GlobalSection(SolutionConfigurationPlatforms) = preSolution
		Debug|Any CPU = Debug|Any CPU
		Release|Any CPU = Release|Any CPU
	EndGlobalSection
	GlobalSection(ProjectConfigurationPlatforms) = postSolution
		{D3BEFF98-295A-4F18-8EC5-36BBFE5A71DC}.Debug|Any CPU.ActiveCfg = Debug|Any CPU
		{D3BEFF98-295A-4F18-8EC5-36BBFE5A71DC}.Debug|Any CPU.Build.0 = Debug|Any CPU
		{D3BEFF98-295A-4F18-8EC5-36BBFE5A71DC}.Release|Any CPU.ActiveCfg = Release|Any CPU
		{D3BEFF98-295A-4F18-8EC5-36BBFE5A71DC}.Release|Any CPU.Build.0 = Release|Any CPU
		{45D5B721-DE11-411F-9C0A-1244757242E4}.Debug|Any CPU.ActiveCfg = Debug|Any CPU
		{45D5B721-DE11-411F-9C0A-1244757242E4}.Debug|Any CPU.Build.0 = Debug|Any CPU
		{45D5B721-DE11-411F-9C0A-1244757242E4}.Release|Any CPU.ActiveCfg = Release|Any CPU
		{45D5B721-DE11-411F-9C0A-1244757242E4}.Release|Any CPU.Build.0 = Release|Any CPU
	EndGlobalSection
	GlobalSection(SolutionProperties) = preSolution
		HideSolutionNode = FALSE
	EndGlobalSection
	GlobalSection(ExtensibilityGlobals) = postSolution
		SolutionGuid = {B85FE2AB-FDC7-43DB-90B6-4236B2D80D1B}
	EndGlobalSection
EndGlobal
